
Microsoft Visual Studio Solution File, Format Version 12.00
# Visual Studio Version 17
VisualStudioVersion = 17.4.33205.214
MinimumVisualStudioVersion = 10.0.40219.1
Project("{FAE04EC0-301F-11D3-BF4B-00C04F79EFBC}") = "Software-Engineering-and-Design-Patterns", "Software-Engineering-and-Design-Patterns\Software-Engineering-and-Design-Patterns.csproj", "{04B3826E-4A52-49AA-AB3F-C07183ACFBFE}"
EndProject
Global
	GlobalSection(SolutionConfigurationPlatforms) = preSolution
		Debug|Any CPU = Debug|Any CPU
		Release|Any CPU = Release|Any CPU
	EndGlobalSection
	GlobalSection(ProjectConfigurationPlatforms) = postSolution
		{04B3826E-4A52-49AA-AB3F-C07183ACFBFE}.Debug|Any CPU.ActiveCfg = Debug|Any CPU
		{04B3826E-4A52-49AA-AB3F-C07183ACFBFE}.Debug|Any CPU.Build.0 = Debug|Any CPU
		{04B3826E-4A52-49AA-AB3F-C07183ACFBFE}.Release|Any CPU.ActiveCfg = Release|Any CPU
		{04B3826E-4A52-49AA-AB3F-C07183ACFBFE}.Release|Any CPU.Build.0 = Release|Any CPU
	EndGlobalSection
	GlobalSection(SolutionProperties) = preSolution
		HideSolutionNode = FALSE
	EndGlobalSection
	GlobalSection(ExtensibilityGlobals) = postSolution
		SolutionGuid = {0B84A8F1-8895-4EFE-AD24-7E29EBA9A022}
	EndGlobalSection
EndGlobal
