
Microsoft Visual Studio Solution File, Format Version 12.00
# Visual Studio Version 17
VisualStudioVersion = 17.4.33205.214
MinimumVisualStudioVersion = 10.0.40219.1
Project("{9A19103F-16F7-4668-BE54-9A1E7A4F7556}") = "Software-Engineering-and-Design-Patterns", "Software-Engineering-and-Design-Patterns\Software-Engineering-and-Design-Patterns.csproj", "{04B3826E-4A52-49AA-AB3F-C07183ACFBFE}"
EndProject
Project("{9A19103F-16F7-4668-BE54-9A1E7A4F7556}") = "Software-Engineering-and-Design-Patterns_Lab01", "Software-Engineering-and-Design-Patterns_Lab01\Software-Engineering-and-Design-Patterns_Lab01.csproj", "{E07EEBA2-4C84-4F0B-8669-74661E9BCF30}"
EndProject
Project("{9A19103F-16F7-4668-BE54-9A1E7A4F7556}") = "Software-Engineering-and-Design-Patterns_Lab02", "Software-Engineering-and-Design-Patterns_Lab02\Software-Engineering-and-Design-Patterns_Lab02.csproj", "{1D252308-AD60-46C9-9AAC-AB4C0FB9253A}"
EndProject
Project("{FAE04EC0-301F-11D3-BF4B-00C04F79EFBC}") = "Software-Engineering-and-Design-Patterns_Lab03", "Software-Engineering-and-Design-Patterns_Lab03\Software-Engineering-and-Design-Patterns_Lab03.csproj", "{EF7D633C-4C0F-4FCC-A7CC-E9A8C3DAF1C6}"
EndProject
Global
	GlobalSection(SolutionConfigurationPlatforms) = preSolution
		Debug|Any CPU = Debug|Any CPU
		Release|Any CPU = Release|Any CPU
	EndGlobalSection
	GlobalSection(ProjectConfigurationPlatforms) = postSolution
		{04B3826E-4A52-49AA-AB3F-C07183ACFBFE}.Debug|Any CPU.ActiveCfg = Debug|Any CPU
		{04B3826E-4A52-49AA-AB3F-C07183ACFBFE}.Debug|Any CPU.Build.0 = Debug|Any CPU
		{04B3826E-4A52-49AA-AB3F-C07183ACFBFE}.Release|Any CPU.ActiveCfg = Release|Any CPU
		{04B3826E-4A52-49AA-AB3F-C07183ACFBFE}.Release|Any CPU.Build.0 = Release|Any CPU
		{E07EEBA2-4C84-4F0B-8669-74661E9BCF30}.Debug|Any CPU.ActiveCfg = Debug|Any CPU
		{E07EEBA2-4C84-4F0B-8669-74661E9BCF30}.Debug|Any CPU.Build.0 = Debug|Any CPU
		{E07EEBA2-4C84-4F0B-8669-74661E9BCF30}.Release|Any CPU.ActiveCfg = Release|Any CPU
		{E07EEBA2-4C84-4F0B-8669-74661E9BCF30}.Release|Any CPU.Build.0 = Release|Any CPU
		{1D252308-AD60-46C9-9AAC-AB4C0FB9253A}.Debug|Any CPU.ActiveCfg = Debug|Any CPU
		{1D252308-AD60-46C9-9AAC-AB4C0FB9253A}.Debug|Any CPU.Build.0 = Debug|Any CPU
		{1D252308-AD60-46C9-9AAC-AB4C0FB9253A}.Release|Any CPU.ActiveCfg = Release|Any CPU
		{1D252308-AD60-46C9-9AAC-AB4C0FB9253A}.Release|Any CPU.Build.0 = Release|Any CPU
		{EF7D633C-4C0F-4FCC-A7CC-E9A8C3DAF1C6}.Debug|Any CPU.ActiveCfg = Debug|Any CPU
		{EF7D633C-4C0F-4FCC-A7CC-E9A8C3DAF1C6}.Debug|Any CPU.Build.0 = Debug|Any CPU
		{EF7D633C-4C0F-4FCC-A7CC-E9A8C3DAF1C6}.Release|Any CPU.ActiveCfg = Release|Any CPU
		{EF7D633C-4C0F-4FCC-A7CC-E9A8C3DAF1C6}.Release|Any CPU.Build.0 = Release|Any CPU
	EndGlobalSection
	GlobalSection(SolutionProperties) = preSolution
		HideSolutionNode = FALSE
	EndGlobalSection
	GlobalSection(ExtensibilityGlobals) = postSolution
		SolutionGuid = {0B84A8F1-8895-4EFE-AD24-7E29EBA9A022}
	EndGlobalSection
EndGlobal
